
Microsoft Visual Studio Solution File, Format Version 12.00
# Visual Studio Version 17
VisualStudioVersion = 17.1.32319.34
MinimumVisualStudioVersion = 10.0.40219.1
Project("{FAE04EC0-301F-11D3-BF4B-00C04F79EFBC}") = "Hafta1EmrullahYilmazOdev", "Hafta1EmrullahYilmazOdev\Hafta1EmrullahYilmazOdev.csproj", "{CCF74584-A3F3-4969-8E37-CFEC03C3E5AD}"
EndProject
Global
	GlobalSection(SolutionConfigurationPlatforms) = preSolution
		Debug|Any CPU = Debug|Any CPU
		Release|Any CPU = Release|Any CPU
	EndGlobalSection
	GlobalSection(ProjectConfigurationPlatforms) = postSolution
		{CCF74584-A3F3-4969-8E37-CFEC03C3E5AD}.Debug|Any CPU.ActiveCfg = Debug|Any CPU
		{CCF74584-A3F3-4969-8E37-CFEC03C3E5AD}.Debug|Any CPU.Build.0 = Debug|Any CPU
		{CCF74584-A3F3-4969-8E37-CFEC03C3E5AD}.Release|Any CPU.ActiveCfg = Release|Any CPU
		{CCF74584-A3F3-4969-8E37-CFEC03C3E5AD}.Release|Any CPU.Build.0 = Release|Any CPU
	EndGlobalSection
	GlobalSection(SolutionProperties) = preSolution
		HideSolutionNode = FALSE
	EndGlobalSection
	GlobalSection(ExtensibilityGlobals) = postSolution
		SolutionGuid = {370F259E-06E7-47BE-8E38-15E2922E3DD7}
	EndGlobalSection
EndGlobal
